// !$*UTF8*$!
{
	archiveVersion = 1;
	classes = {
	};
	objectVersion = 51;
	objects = {

/* Begin PBXBuildFile section */
		04690A4724766D4700C0BBDF /* AppDelegate.m in Sources */ = {isa = PBXBuildFile; fileRef = 04690A4624766D4700C0BBDF /* AppDelegate.m */; };
		04690A4A24766D4700C0BBDF /* SceneDelegate.m in Sources */ = {isa = PBXBuildFile; fileRef = 04690A4924766D4700C0BBDF /* SceneDelegate.m */; };
		04690A4D24766D4700C0BBDF /* HomeViewController.m in Sources */ = {isa = PBXBuildFile; fileRef = 04690A4C24766D4700C0BBDF /* HomeViewController.m */; };
		04690A5024766D4700C0BBDF /* Main.storyboard in Resources */ = {isa = PBXBuildFile; fileRef = 04690A4E24766D4700C0BBDF /* Main.storyboard */; };
		04690A5224766D4A00C0BBDF /* Assets.xcassets in Resources */ = {isa = PBXBuildFile; fileRef = 04690A5124766D4A00C0BBDF /* Assets.xcassets */; };
		04690A5524766D4A00C0BBDF /* LaunchScreen.storyboard in Resources */ = {isa = PBXBuildFile; fileRef = 04690A5324766D4A00C0BBDF /* LaunchScreen.storyboard */; };
		04690A5824766D4A00C0BBDF /* main.m in Sources */ = {isa = PBXBuildFile; fileRef = 04690A5724766D4A00C0BBDF /* main.m */; };
		04ED7EB524767AD2004CBF7E /* HomeModel.m in Sources */ = {isa = PBXBuildFile; fileRef = 04ED7EB424767AD1004CBF7E /* HomeModel.m */; };
		04ED7EBF2476918A004CBF7E /* BaseViewController.m in Sources */ = {isa = PBXBuildFile; fileRef = 04ED7EBE2476918A004CBF7E /* BaseViewController.m */; };
		04ED7EC2247691B2004CBF7E /* BaseModel.m in Sources */ = {isa = PBXBuildFile; fileRef = 04ED7EC1247691B2004CBF7E /* BaseModel.m */; };
		43A4EF42E99DCB14A199FD05 /* Pods_MVC.framework in Frameworks */ = {isa = PBXBuildFile; fileRef = CC74F35ABFAFE6FF154E6614 /* Pods_MVC.framework */; };
/* End PBXBuildFile section */

/* Begin PBXFileReference section */
		04690A4224766D4700C0BBDF /* MVC.app */ = {isa = PBXFileReference; explicitFileType = wrapper.application; includeInIndex = 0; path = MVC.app; sourceTree = BUILT_PRODUCTS_DIR; };
		04690A4524766D4700C0BBDF /* AppDelegate.h */ = {isa = PBXFileReference; lastKnownFileType = sourcecode.c.h; path = AppDelegate.h; sourceTree = "<group>"; };
		04690A4624766D4700C0BBDF /* AppDelegate.m */ = {isa = PBXFileReference; lastKnownFileType = sourcecode.c.objc; path = AppDelegate.m; sourceTree = "<group>"; };
		04690A4824766D4700C0BBDF /* SceneDelegate.h */ = {isa = PBXFileReference; lastKnownFileType = sourcecode.c.h; path = SceneDelegate.h; sourceTree = "<group>"; };
		04690A4924766D4700C0BBDF /* SceneDelegate.m */ = {isa = PBXFileReference; lastKnownFileType = sourcecode.c.objc; path = SceneDelegate.m; sourceTree = "<group>"; };
		04690A4B24766D4700C0BBDF /* HomeViewController.h */ = {isa = PBXFileReference; lastKnownFileType = sourcecode.c.h; path = HomeViewController.h; sourceTree = "<group>"; };
		04690A4C24766D4700C0BBDF /* HomeViewController.m */ = {isa = PBXFileReference; lastKnownFileType = sourcecode.c.objc; path = HomeViewController.m; sourceTree = "<group>"; };
		04690A4F24766D4700C0BBDF /* Base */ = {isa = PBXFileReference; lastKnownFileType = file.storyboard; name = Base; path = Base.lproj/Main.storyboard; sourceTree = "<group>"; };
		04690A5124766D4A00C0BBDF /* Assets.xcassets */ = {isa = PBXFileReference; lastKnownFileType = folder.assetcatalog; path = Assets.xcassets; sourceTree = "<group>"; };
		04690A5424766D4A00C0BBDF /* Base */ = {isa = PBXFileReference; lastKnownFileType = file.storyboard; name = Base; path = Base.lproj/LaunchScreen.storyboard; sourceTree = "<group>"; };
		04690A5624766D4A00C0BBDF /* Info.plist */ = {isa = PBXFileReference; lastKnownFileType = text.plist.xml; path = Info.plist; sourceTree = "<group>"; };
		04690A5724766D4A00C0BBDF /* main.m */ = {isa = PBXFileReference; lastKnownFileType = sourcecode.c.objc; path = main.m; sourceTree = "<group>"; };
		04ED7EB324767AD1004CBF7E /* HomeModel.h */ = {isa = PBXFileReference; lastKnownFileType = sourcecode.c.h; path = HomeModel.h; sourceTree = "<group>"; };
		04ED7EB424767AD1004CBF7E /* HomeModel.m */ = {isa = PBXFileReference; lastKnownFileType = sourcecode.c.objc; path = HomeModel.m; sourceTree = "<group>"; };
		04ED7EBD2476918A004CBF7E /* BaseViewController.h */ = {isa = PBXFileReference; lastKnownFileType = sourcecode.c.h; path = BaseViewController.h; sourceTree = "<group>"; };
		04ED7EBE2476918A004CBF7E /* BaseViewController.m */ = {isa = PBXFileReference; lastKnownFileType = sourcecode.c.objc; path = BaseViewController.m; sourceTree = "<group>"; };
		04ED7EC0247691B2004CBF7E /* BaseModel.h */ = {isa = PBXFileReference; lastKnownFileType = sourcecode.c.h; path = BaseModel.h; sourceTree = "<group>"; };
		04ED7EC1247691B2004CBF7E /* BaseModel.m */ = {isa = PBXFileReference; lastKnownFileType = sourcecode.c.objc; path = BaseModel.m; sourceTree = "<group>"; };
		968E2BA9CC8A118756ECD4AD /* Pods-MVC.release.xcconfig */ = {isa = PBXFileReference; includeInIndex = 1; lastKnownFileType = text.xcconfig; name = "Pods-MVC.release.xcconfig"; path = "Target Support Files/Pods-MVC/Pods-MVC.release.xcconfig"; sourceTree = "<group>"; };
		C72A6126ECCCCA49840979C5 /* Pods-MVC.debug.xcconfig */ = {isa = PBXFileReference; includeInIndex = 1; lastKnownFileType = text.xcconfig; name = "Pods-MVC.debug.xcconfig"; path = "Target Support Files/Pods-MVC/Pods-MVC.debug.xcconfig"; sourceTree = "<group>"; };
		CC74F35ABFAFE6FF154E6614 /* Pods_MVC.framework */ = {isa = PBXFileReference; explicitFileType = wrapper.framework; includeInIndex = 0; path = Pods_MVC.framework; sourceTree = BUILT_PRODUCTS_DIR; };
/* End PBXFileReference section */

/* Begin PBXFrameworksBuildPhase section */
		04690A3F24766D4700C0BBDF /* Frameworks */ = {
			isa = PBXFrameworksBuildPhase;
			buildActionMask = 2147483647;
			files = (
				43A4EF42E99DCB14A199FD05 /* Pods_MVC.framework in Frameworks */,
			);
			runOnlyForDeploymentPostprocessing = 0;
		};
/* End PBXFrameworksBuildPhase section */

/* Begin PBXGroup section */
		04690A3924766D4700C0BBDF = {
			isa = PBXGroup;
			children = (
				04690A4424766D4700C0BBDF /* MVC */,
				04690A4324766D4700C0BBDF /* Products */,
				529C1C2A499186A6051CCDC6 /* Pods */,
				751BB6C56DED44EF239DECFD /* Frameworks */,
			);
			sourceTree = "<group>";
		};
		04690A4324766D4700C0BBDF /* Products */ = {
			isa = PBXGroup;
			children = (
				04690A4224766D4700C0BBDF /* MVC.app */,
			);
			name = Products;
			sourceTree = "<group>";
		};
		04690A4424766D4700C0BBDF /* MVC */ = {
			isa = PBXGroup;
			children = (
				04ED7EBC2476912D004CBF7E /* Base */,
				04690A4524766D4700C0BBDF /* AppDelegate.h */,
				04690A4624766D4700C0BBDF /* AppDelegate.m */,
				04690A4824766D4700C0BBDF /* SceneDelegate.h */,
				04690A4924766D4700C0BBDF /* SceneDelegate.m */,
				04690A4B24766D4700C0BBDF /* HomeViewController.h */,
				04690A4C24766D4700C0BBDF /* HomeViewController.m */,
				04ED7EB324767AD1004CBF7E /* HomeModel.h */,
				04ED7EB424767AD1004CBF7E /* HomeModel.m */,
				04690A4E24766D4700C0BBDF /* Main.storyboard */,
				04690A5124766D4A00C0BBDF /* Assets.xcassets */,
				04690A5324766D4A00C0BBDF /* LaunchScreen.storyboard */,
				04690A5624766D4A00C0BBDF /* Info.plist */,
				04690A5724766D4A00C0BBDF /* main.m */,
			);
			path = MVC;
			sourceTree = "<group>";
		};
		04ED7EBC2476912D004CBF7E /* Base */ = {
			isa = PBXGroup;
			children = (
				04ED7EBD2476918A004CBF7E /* BaseViewController.h */,
				04ED7EBE2476918A004CBF7E /* BaseViewController.m */,
				04ED7EC0247691B2004CBF7E /* BaseModel.h */,
				04ED7EC1247691B2004CBF7E /* BaseModel.m */,
			);
			path = Base;
			sourceTree = "<group>";
		};
		529C1C2A499186A6051CCDC6 /* Pods */ = {
			isa = PBXGroup;
			children = (
				C72A6126ECCCCA49840979C5 /* Pods-MVC.debug.xcconfig */,
				968E2BA9CC8A118756ECD4AD /* Pods-MVC.release.xcconfig */,
			);
			path = Pods;
			sourceTree = "<group>";
		};
		751BB6C56DED44EF239DECFD /* Frameworks */ = {
			isa = PBXGroup;
			children = (
				CC74F35ABFAFE6FF154E6614 /* Pods_MVC.framework */,
			);
			name = Frameworks;
			sourceTree = "<group>";
		};
/* End PBXGroup section */

/* Begin PBXNativeTarget section */
		04690A4124766D4700C0BBDF /* MVC */ = {
			isa = PBXNativeTarget;
			buildConfigurationList = 04690A5B24766D4A00C0BBDF /* Build configuration list for PBXNativeTarget "MVC" */;
			buildPhases = (
				F58FFF0D521A5DAFF2CA3291 /* [CP] Check Pods Manifest.lock */,
				04690A3E24766D4700C0BBDF /* Sources */,
				04690A3F24766D4700C0BBDF /* Frameworks */,
				04690A4024766D4700C0BBDF /* Resources */,
				4BB7610AAC8DF6C30612E1C6 /* [CP] Embed Pods Frameworks */,
			);
			buildRules = (
			);
			dependencies = (
			);
			name = MVC;
			productName = MVC;
			productReference = 04690A4224766D4700C0BBDF /* MVC.app */;
			productType = "com.apple.product-type.application";
		};
/* End PBXNativeTarget section */

/* Begin PBXProject section */
		04690A3A24766D4700C0BBDF /* Project object */ = {
			isa = PBXProject;
			attributes = {
				LastUpgradeCheck = 1140;
				ORGANIZATIONNAME = SearchBarDemo;
				TargetAttributes = {
					04690A4124766D4700C0BBDF = {
						CreatedOnToolsVersion = 11.4.1;
					};
				};
			};
			buildConfigurationList = 04690A3D24766D4700C0BBDF /* Build configuration list for PBXProject "MVC" */;
			compatibilityVersion = "Xcode 9.3";
			developmentRegion = en;
			hasScannedForEncodings = 0;
			knownRegions = (
				en,
				Base,
			);
			mainGroup = 04690A3924766D4700C0BBDF;
			productRefGroup = 04690A4324766D4700C0BBDF /* Products */;
			projectDirPath = "";
			projectRoot = "";
			targets = (
				04690A4124766D4700C0BBDF /* MVC */,
			);
		};
/* End PBXProject section */

/* Begin PBXResourcesBuildPhase section */
		04690A4024766D4700C0BBDF /* Resources */ = {
			isa = PBXResourcesBuildPhase;
			buildActionMask = 2147483647;
			files = (
				04690A5524766D4A00C0BBDF /* LaunchScreen.storyboard in Resources */,
				04690A5224766D4A00C0BBDF /* Assets.xcassets in Resources */,
				04690A5024766D4700C0BBDF /* Main.storyboard in Resources */,
			);
			runOnlyForDeploymentPostprocessing = 0;
		};
/* End PBXResourcesBuildPhase section */

/* Begin PBXShellScriptBuildPhase section */
		4BB7610AAC8DF6C30612E1C6 /* [CP] Embed Pods Frameworks */ = {
			isa = PBXShellScriptBuildPhase;
			buildActionMask = 2147483647;
			files = (
			);
			inputFileListPaths = (
				"${PODS_ROOT}/Target Support Files/Pods-MVC/Pods-MVC-frameworks-${CONFIGURATION}-input-files.xcfilelist",
			);
			name = "[CP] Embed Pods Frameworks";
			outputFileListPaths = (
				"${PODS_ROOT}/Target Support Files/Pods-MVC/Pods-MVC-frameworks-${CONFIGURATION}-output-files.xcfilelist",
			);
			runOnlyForDeploymentPostprocessing = 0;
			shellPath = /bin/sh;
			shellScript = "\"${PODS_ROOT}/Target Support Files/Pods-MVC/Pods-MVC-frameworks.sh\"\n";
			showEnvVarsInLog = 0;
		};
		F58FFF0D521A5DAFF2CA3291 /* [CP] Check Pods Manifest.lock */ = {
			isa = PBXShellScriptBuildPhase;
			buildActionMask = 2147483647;
			files = (
			);
			inputFileListPaths = (
			);
			inputPaths = (
				"${PODS_PODFILE_DIR_PATH}/Podfile.lock",
				"${PODS_ROOT}/Manifest.lock",
			);
			name = "[CP] Check Pods Manifest.lock";
			outputFileListPaths = (
			);
			outputPaths = (
				"$(DERIVED_FILE_DIR)/Pods-MVC-checkManifestLockResult.txt",
			);
			runOnlyForDeploymentPostprocessing = 0;
			shellPath = /bin/sh;
			shellScript = "diff \"${PODS_PODFILE_DIR_PATH}/Podfile.lock\" \"${PODS_ROOT}/Manifest.lock\" > /dev/null\nif [ $? != 0 ] ; then\n    # print error to STDERR\n    echo \"error: The sandbox is not in sync with the Podfile.lock. Run 'pod install' or update your CocoaPods installation.\" >&2\n    exit 1\nfi\n# This output is used by Xcode 'outputs' to avoid re-running this script phase.\necho \"SUCCESS\" > \"${SCRIPT_OUTPUT_FILE_0}\"\n";
			showEnvVarsInLog = 0;
		};
/* End PBXShellScriptBuildPhase section */

/* Begin PBXSourcesBuildPhase section */
		04690A3E24766D4700C0BBDF /* Sources */ = {
			isa = PBXSourcesBuildPhase;
			buildActionMask = 2147483647;
			files = (
				04ED7EB524767AD2004CBF7E /* HomeModel.m in Sources */,
				04ED7EBF2476918A004CBF7E /* BaseViewController.m in Sources */,
				04690A4D24766D4700C0BBDF /* HomeViewController.m in Sources */,
				04ED7EC2247691B2004CBF7E /* BaseModel.m in Sources */,
				04690A4724766D4700C0BBDF /* AppDelegate.m in Sources */,
				04690A5824766D4A00C0BBDF /* main.m in Sources */,
				04690A4A24766D4700C0BBDF /* SceneDelegate.m in Sources */,
			);
			runOnlyForDeploymentPostprocessing = 0;
		};
/* End PBXSourcesBuildPhase section */

/* Begin PBXVariantGroup section */
		04690A4E24766D4700C0BBDF /* Main.storyboard */ = {
			isa = PBXVariantGroup;
			children = (
				04690A4F24766D4700C0BBDF /* Base */,
			);
			name = Main.storyboard;
			sourceTree = "<group>";
		};
		04690A5324766D4A00C0BBDF /* LaunchScreen.storyboard */ = {
			isa = PBXVariantGroup;
			children = (
				04690A5424766D4A00C0BBDF /* Base */,
			);
			name = LaunchScreen.storyboard;
			sourceTree = "<group>";
		};
/* End PBXVariantGroup section */

/* Begin XCBuildConfiguration section */
		04690A5924766D4A00C0BBDF /* Debug */ = {
			isa = XCBuildConfiguration;
			buildSettings = {
				ALWAYS_SEARCH_USER_PATHS = NO;
				CLANG_ANALYZER_NONNULL = YES;
				CLANG_ANALYZER_NUMBER_OBJECT_CONVERSION = YES_AGGRESSIVE;
				CLANG_CXX_LANGUAGE_STANDARD = "gnu++14";
				CLANG_CXX_LIBRARY = "libc++";
				CLANG_ENABLE_MODULES = YES;
				CLANG_ENABLE_OBJC_ARC = YES;
				CLANG_ENABLE_OBJC_WEAK = YES;
				CLANG_WARN_BLOCK_CAPTURE_AUTORELEASING = YES;
				CLANG_WARN_BOOL_CONVERSION = YES;
				CLANG_WARN_COMMA = YES;
				CLANG_WARN_CONSTANT_CONVERSION = YES;
				CLANG_WARN_DEPRECATED_OBJC_IMPLEMENTATIONS = YES;
				CLANG_WARN_DIRECT_OBJC_ISA_USAGE = YES_ERROR;
				CLANG_WARN_DOCUMENTATION_COMMENTS = YES;
				CLANG_WARN_EMPTY_BODY = YES;
				CLANG_WARN_ENUM_CONVERSION = YES;
				CLANG_WARN_INFINITE_RECURSION = YES;
				CLANG_WARN_INT_CONVERSION = YES;
				CLANG_WARN_NON_LITERAL_NULL_CONVERSION = YES;
				CLANG_WARN_OBJC_IMPLICIT_RETAIN_SELF = YES;
				CLANG_WARN_OBJC_LITERAL_CONVERSION = YES;
				CLANG_WARN_OBJC_ROOT_CLASS = YES_ERROR;
				CLANG_WARN_RANGE_LOOP_ANALYSIS = YES;
				CLANG_WARN_STRICT_PROTOTYPES = YES;
				CLANG_WARN_SUSPICIOUS_MOVE = YES;
				CLANG_WARN_UNGUARDED_AVAILABILITY = YES_AGGRESSIVE;
				CLANG_WARN_UNREACHABLE_CODE = YES;
				CLANG_WARN__DUPLICATE_METHOD_MATCH = YES;
				COPY_PHASE_STRIP = NO;
				DEBUG_INFORMATION_FORMAT = dwarf;
				ENABLE_STRICT_OBJC_MSGSEND = YES;
				ENABLE_TESTABILITY = YES;
				GCC_C_LANGUAGE_STANDARD = gnu11;
				GCC_DYNAMIC_NO_PIC = NO;
				GCC_NO_COMMON_BLOCKS = YES;
				GCC_OPTIMIZATION_LEVEL = 0;
				GCC_PREPROCESSOR_DEFINITIONS = (
					"DEBUG=1",
					"$(inherited)",
				);
				GCC_WARN_64_TO_32_BIT_CONVERSION = YES;
				GCC_WARN_ABOUT_RETURN_TYPE = YES_ERROR;
				GCC_WARN_UNDECLARED_SELECTOR = YES;
				GCC_WARN_UNINITIALIZED_AUTOS = YES_AGGRESSIVE;
				GCC_WARN_UNUSED_FUNCTION = YES;
				GCC_WARN_UNUSED_VARIABLE = YES;
				IPHONEOS_DEPLOYMENT_TARGET = 13.4;
				MTL_ENABLE_DEBUG_INFO = INCLUDE_SOURCE;
				MTL_FAST_MATH = YES;
				ONLY_ACTIVE_ARCH = YES;
				SDKROOT = iphoneos;
			};
			name = Debug;
		};
		04690A5A24766D4A00C0BBDF /* Release */ = {
			isa = XCBuildConfiguration;
			buildSettings = {
				ALWAYS_SEARCH_USER_PATHS = NO;
				CLANG_ANALYZER_NONNULL = YES;
				CLANG_ANALYZER_NUMBER_OBJECT_CONVERSION = YES_AGGRESSIVE;
				CLANG_CXX_LANGUAGE_STANDARD = "gnu++14";
				CLANG_CXX_LIBRARY = "libc++";
				CLANG_ENABLE_MODULES = YES;
				CLANG_ENABLE_OBJC_ARC = YES;
				CLANG_ENABLE_OBJC_WEAK = YES;
				CLANG_WARN_BLOCK_CAPTURE_AUTORELEASING = YES;
				CLANG_WARN_BOOL_CONVERSION = YES;
				CLANG_WARN_COMMA = YES;
				CLANG_WARN_CONSTANT_CONVERSION = YES;
				CLANG_WARN_DEPRECATED_OBJC_IMPLEMENTATIONS = YES;
				CLANG_WARN_DIRECT_OBJC_ISA_USAGE = YES_ERROR;
				CLANG_WARN_DOCUMENTATION_COMMENTS = YES;
				CLANG_WARN_EMPTY_BODY = YES;
				CLANG_WARN_ENUM_CONVERSION = YES;
				CLANG_WARN_INFINITE_RECURSION = YES;
				CLANG_WARN_INT_CONVERSION = YES;
				CLANG_WARN_NON_LITERAL_NULL_CONVERSION = YES;
				CLANG_WARN_OBJC_IMPLICIT_RETAIN_SELF = YES;
				CLANG_WARN_OBJC_LITERAL_CONVERSION = YES;
				CLANG_WARN_OBJC_ROOT_CLASS = YES_ERROR;
				CLANG_WARN_RANGE_LOOP_ANALYSIS = YES;
				CLANG_WARN_STRICT_PROTOTYPES = YES;
				CLANG_WARN_SUSPICIOUS_MOVE = YES;
				CLANG_WARN_UNGUARDED_AVAILABILITY = YES_AGGRESSIVE;
				CLANG_WARN_UNREACHABLE_CODE = YES;
				CLANG_WARN__DUPLICATE_METHOD_MATCH = YES;
				COPY_PHASE_STRIP = NO;
				DEBUG_INFORMATION_FORMAT = "dwarf-with-dsym";
				ENABLE_NS_ASSERTIONS = NO;
				ENABLE_STRICT_OBJC_MSGSEND = YES;
				GCC_C_LANGUAGE_STANDARD = gnu11;
				GCC_NO_COMMON_BLOCKS = YES;
				GCC_WARN_64_TO_32_BIT_CONVERSION = YES;
				GCC_WARN_ABOUT_RETURN_TYPE = YES_ERROR;
				GCC_WARN_UNDECLARED_SELECTOR = YES;
				GCC_WARN_UNINITIALIZED_AUTOS = YES_AGGRESSIVE;
				GCC_WARN_UNUSED_FUNCTION = YES;
				GCC_WARN_UNUSED_VARIABLE = YES;
				IPHONEOS_DEPLOYMENT_TARGET = 13.4;
				MTL_ENABLE_DEBUG_INFO = NO;
				MTL_FAST_MATH = YES;
				SDKROOT = iphoneos;
				VALIDATE_PRODUCT = YES;
			};
			name = Release;
		};
		04690A5C24766D4A00C0BBDF /* Debug */ = {
			isa = XCBuildConfiguration;
			baseConfigurationReference = C72A6126ECCCCA49840979C5 /* Pods-MVC.debug.xcconfig */;
			buildSettings = {
				ASSETCATALOG_COMPILER_APPICON_NAME = AppIcon;
				CODE_SIGN_STYLE = Automatic;
				DEVELOPMENT_TEAM = RA3S34K4EA;
				INFOPLIST_FILE = MVC/Info.plist;
				IPHONEOS_DEPLOYMENT_TARGET = 11.0;
				LD_RUNPATH_SEARCH_PATHS = (
					"$(inherited)",
					"@executable_path/Frameworks",
				);
				PRODUCT_BUNDLE_IDENTIFIER = com.dachen.mvc;
				PRODUCT_NAME = "$(TARGET_NAME)";
				TARGETED_DEVICE_FAMILY = "1,2";
			};
			name = Debug;
		};
		04690A5D24766D4A00C0BBDF /* Release */ = {
			isa = XCBuildConfiguration;
			baseConfigurationReference = 968E2BA9CC8A118756ECD4AD /* Pods-MVC.release.xcconfig */;
			buildSettings = {
				ASSETCATALOG_COMPILER_APPICON_NAME = AppIcon;
				CODE_SIGN_STYLE = Automatic;
				DEVELOPMENT_TEAM = RA3S34K4EA;
				INFOPLIST_FILE = MVC/Info.plist;
				IPHONEOS_DEPLOYMENT_TARGET = 11.0;
				LD_RUNPATH_SEARCH_PATHS = (
					"$(inherited)",
					"@executable_path/Frameworks",
				);
				PRODUCT_BUNDLE_IDENTIFIER = com.dachen.mvc;
				PRODUCT_NAME = "$(TARGET_NAME)";
				TARGETED_DEVICE_FAMILY = "1,2";
			};
			name = Release;
		};
/* End XCBuildConfiguration section */

/* Begin XCConfigurationList section */
		04690A3D24766D4700C0BBDF /* Build configuration list for PBXProject "MVC" */ = {
			isa = XCConfigurationList;
			buildConfigurations = (
				04690A5924766D4A00C0BBDF /* Debug */,
				04690A5A24766D4A00C0BBDF /* Release */,
			);
			defaultConfigurationIsVisible = 0;
			defaultConfigurationName = Release;
		};
		04690A5B24766D4A00C0BBDF /* Build configuration list for PBXNativeTarget "MVC" */ = {
			isa = XCConfigurationList;
			buildConfigurations = (
				04690A5C24766D4A00C0BBDF /* Debug */,
				04690A5D24766D4A00C0BBDF /* Release */,
			);
			defaultConfigurationIsVisible = 0;
			defaultConfigurationName = Release;
		};
/* End XCConfigurationList section */
	};
	rootObject = 04690A3A24766D4700C0BBDF /* Project object */;
}
